// !$*UTF8*$!
{
	archiveVersion = 1;
	classes = {
	};
	objectVersion = 50;
	objects = {

/* Begin PBXBuildFile section */
		EFFDAF512493FCE50007A1FE /* AppDelegate.swift in Sources */ = {isa = PBXBuildFile; fileRef = EFFDAF502493FCE50007A1FE /* AppDelegate.swift */; };
		EFFDAF532493FCE50007A1FE /* SceneDelegate.swift in Sources */ = {isa = PBXBuildFile; fileRef = EFFDAF522493FCE50007A1FE /* SceneDelegate.swift */; };
		EFFDAF552493FCE50007A1FE /* ViewController.swift in Sources */ = {isa = PBXBuildFile; fileRef = EFFDAF542493FCE50007A1FE /* ViewController.swift */; };
		EFFDAF582493FCE50007A1FE /* Main.storyboard in Resources */ = {isa = PBXBuildFile; fileRef = EFFDAF562493FCE50007A1FE /* Main.storyboard */; };
		EFFDAF5A2493FCE50007A1FE /* Assets.xcassets in Resources */ = {isa = PBXBuildFile; fileRef = EFFDAF592493FCE50007A1FE /* Assets.xcassets */; };
		EFFDAF5D2493FCE50007A1FE /* LaunchScreen.storyboard in Resources */ = {isa = PBXBuildFile; fileRef = EFFDAF5B2493FCE50007A1FE /* LaunchScreen.storyboard */; };
		EFFDAF682493FCE60007A1FE /* Tip_Calculator_AppTests.swift in Sources */ = {isa = PBXBuildFile; fileRef = EFFDAF672493FCE60007A1FE /* Tip_Calculator_AppTests.swift */; };
		EFFDAF732493FCE60007A1FE /* Tip_Calculator_AppUITests.swift in Sources */ = {isa = PBXBuildFile; fileRef = EFFDAF722493FCE60007A1FE /* Tip_Calculator_AppUITests.swift */; };
/* End PBXBuildFile section */

/* Begin PBXContainerItemProxy section */
		EFFDAF642493FCE60007A1FE /* PBXContainerItemProxy */ = {
			isa = PBXContainerItemProxy;
			containerPortal = EFFDAF452493FCE40007A1FE /* Project object */;
			proxyType = 1;
			remoteGlobalIDString = EFFDAF4C2493FCE50007A1FE;
			remoteInfo = "Tip Calculator App";
		};
		EFFDAF6F2493FCE60007A1FE /* PBXContainerItemProxy */ = {
			isa = PBXContainerItemProxy;
			containerPortal = EFFDAF452493FCE40007A1FE /* Project object */;
			proxyType = 1;
			remoteGlobalIDString = EFFDAF4C2493FCE50007A1FE;
			remoteInfo = "Tip Calculator App";
		};
/* End PBXContainerItemProxy section */

/* Begin PBXFileReference section */
		EFFDAF4D2493FCE50007A1FE /* Tip Calculator App.app */ = {isa = PBXFileReference; explicitFileType = wrapper.application; includeInIndex = 0; path = "Tip Calculator App.app"; sourceTree = BUILT_PRODUCTS_DIR; };
		EFFDAF502493FCE50007A1FE /* AppDelegate.swift */ = {isa = PBXFileReference; lastKnownFileType = sourcecode.swift; path = AppDelegate.swift; sourceTree = "<group>"; };
		EFFDAF522493FCE50007A1FE /* SceneDelegate.swift */ = {isa = PBXFileReference; lastKnownFileType = sourcecode.swift; path = SceneDelegate.swift; sourceTree = "<group>"; };
		EFFDAF542493FCE50007A1FE /* ViewController.swift */ = {isa = PBXFileReference; lastKnownFileType = sourcecode.swift; path = ViewController.swift; sourceTree = "<group>"; };
		EFFDAF572493FCE50007A1FE /* Base */ = {isa = PBXFileReference; lastKnownFileType = file.storyboard; name = Base; path = Base.lproj/Main.storyboard; sourceTree = "<group>"; };
		EFFDAF592493FCE50007A1FE /* Assets.xcassets */ = {isa = PBXFileReference; lastKnownFileType = folder.assetcatalog; path = Assets.xcassets; sourceTree = "<group>"; };
		EFFDAF5C2493FCE50007A1FE /* Base */ = {isa = PBXFileReference; lastKnownFileType = file.storyboard; name = Base; path = Base.lproj/LaunchScreen.storyboard; sourceTree = "<group>"; };
		EFFDAF5E2493FCE50007A1FE /* Info.plist */ = {isa = PBXFileReference; lastKnownFileType = text.plist.xml; path = Info.plist; sourceTree = "<group>"; };
		EFFDAF632493FCE60007A1FE /* Tip Calculator AppTests.xctest */ = {isa = PBXFileReference; explicitFileType = wrapper.cfbundle; includeInIndex = 0; path = "Tip Calculator AppTests.xctest"; sourceTree = BUILT_PRODUCTS_DIR; };
		EFFDAF672493FCE60007A1FE /* Tip_Calculator_AppTests.swift */ = {isa = PBXFileReference; lastKnownFileType = sourcecode.swift; path = Tip_Calculator_AppTests.swift; sourceTree = "<group>"; };
		EFFDAF692493FCE60007A1FE /* Info.plist */ = {isa = PBXFileReference; lastKnownFileType = text.plist.xml; path = Info.plist; sourceTree = "<group>"; };
		EFFDAF6E2493FCE60007A1FE /* Tip Calculator AppUITests.xctest */ = {isa = PBXFileReference; explicitFileType = wrapper.cfbundle; includeInIndex = 0; path = "Tip Calculator AppUITests.xctest"; sourceTree = BUILT_PRODUCTS_DIR; };
		EFFDAF722493FCE60007A1FE /* Tip_Calculator_AppUITests.swift */ = {isa = PBXFileReference; lastKnownFileType = sourcecode.swift; path = Tip_Calculator_AppUITests.swift; sourceTree = "<group>"; };
		EFFDAF742493FCE60007A1FE /* Info.plist */ = {isa = PBXFileReference; lastKnownFileType = text.plist.xml; path = Info.plist; sourceTree = "<group>"; };
/* End PBXFileReference section */

/* Begin PBXFrameworksBuildPhase section */
		EFFDAF4A2493FCE50007A1FE /* Frameworks */ = {
			isa = PBXFrameworksBuildPhase;
			buildActionMask = 2147483647;
			files = (
			);
			runOnlyForDeploymentPostprocessing = 0;
		};
		EFFDAF602493FCE60007A1FE /* Frameworks */ = {
			isa = PBXFrameworksBuildPhase;
			buildActionMask = 2147483647;
			files = (
			);
			runOnlyForDeploymentPostprocessing = 0;
		};
		EFFDAF6B2493FCE60007A1FE /* Frameworks */ = {
			isa = PBXFrameworksBuildPhase;
			buildActionMask = 2147483647;
			files = (
			);
			runOnlyForDeploymentPostprocessing = 0;
		};
/* End PBXFrameworksBuildPhase section */

/* Begin PBXGroup section */
		EFFDAF442493FCE40007A1FE = {
			isa = PBXGroup;
			children = (
				EFFDAF4F2493FCE50007A1FE /* Tip Calculator App */,
				EFFDAF662493FCE60007A1FE /* Tip Calculator AppTests */,
				EFFDAF712493FCE60007A1FE /* Tip Calculator AppUITests */,
				EFFDAF4E2493FCE50007A1FE /* Products */,
			);
			sourceTree = "<group>";
		};
		EFFDAF4E2493FCE50007A1FE /* Products */ = {
			isa = PBXGroup;
			children = (
				EFFDAF4D2493FCE50007A1FE /* Tip Calculator App.app */,
				EFFDAF632493FCE60007A1FE /* Tip Calculator AppTests.xctest */,
				EFFDAF6E2493FCE60007A1FE /* Tip Calculator AppUITests.xctest */,
			);
			name = Products;
			sourceTree = "<group>";
		};
		EFFDAF4F2493FCE50007A1FE /* Tip Calculator App */ = {
			isa = PBXGroup;
			children = (
				EFFDAF502493FCE50007A1FE /* AppDelegate.swift */,
				EFFDAF522493FCE50007A1FE /* SceneDelegate.swift */,
				EFFDAF542493FCE50007A1FE /* ViewController.swift */,
				EFFDAF562493FCE50007A1FE /* Main.storyboard */,
				EFFDAF592493FCE50007A1FE /* Assets.xcassets */,
				EFFDAF5B2493FCE50007A1FE /* LaunchScreen.storyboard */,
				EFFDAF5E2493FCE50007A1FE /* Info.plist */,
			);
			path = "Tip Calculator App";
			sourceTree = "<group>";
		};
		EFFDAF662493FCE60007A1FE /* Tip Calculator AppTests */ = {
			isa = PBXGroup;
			children = (
				EFFDAF672493FCE60007A1FE /* Tip_Calculator_AppTests.swift */,
				EFFDAF692493FCE60007A1FE /* Info.plist */,
			);
			path = "Tip Calculator AppTests";
			sourceTree = "<group>";
		};
		EFFDAF712493FCE60007A1FE /* Tip Calculator AppUITests */ = {
			isa = PBXGroup;
			children = (
				EFFDAF722493FCE60007A1FE /* Tip_Calculator_AppUITests.swift */,
				EFFDAF742493FCE60007A1FE /* Info.plist */,
			);
			path = "Tip Calculator AppUITests";
			sourceTree = "<group>";
		};
/* End PBXGroup section */

/* Begin PBXNativeTarget section */
		EFFDAF4C2493FCE50007A1FE /* Tip Calculator App */ = {
			isa = PBXNativeTarget;
			buildConfigurationList = EFFDAF772493FCE60007A1FE /* Build configuration list for PBXNativeTarget "Tip Calculator App" */;
			buildPhases = (
				EFFDAF492493FCE50007A1FE /* Sources */,
				EFFDAF4A2493FCE50007A1FE /* Frameworks */,
				EFFDAF4B2493FCE50007A1FE /* Resources */,
			);
			buildRules = (
			);
			dependencies = (
			);
			name = "Tip Calculator App";
			productName = "Tip Calculator App";
			productReference = EFFDAF4D2493FCE50007A1FE /* Tip Calculator App.app */;
			productType = "com.apple.product-type.application";
		};
		EFFDAF622493FCE60007A1FE /* Tip Calculator AppTests */ = {
			isa = PBXNativeTarget;
			buildConfigurationList = EFFDAF7A2493FCE60007A1FE /* Build configuration list for PBXNativeTarget "Tip Calculator AppTests" */;
			buildPhases = (
				EFFDAF5F2493FCE60007A1FE /* Sources */,
				EFFDAF602493FCE60007A1FE /* Frameworks */,
				EFFDAF612493FCE60007A1FE /* Resources */,
			);
			buildRules = (
			);
			dependencies = (
				EFFDAF652493FCE60007A1FE /* PBXTargetDependency */,
			);
			name = "Tip Calculator AppTests";
			productName = "Tip Calculator AppTests";
			productReference = EFFDAF632493FCE60007A1FE /* Tip Calculator AppTests.xctest */;
			productType = "com.apple.product-type.bundle.unit-test";
		};
		EFFDAF6D2493FCE60007A1FE /* Tip Calculator AppUITests */ = {
			isa = PBXNativeTarget;
			buildConfigurationList = EFFDAF7D2493FCE60007A1FE /* Build configuration list for PBXNativeTarget "Tip Calculator AppUITests" */;
			buildPhases = (
				EFFDAF6A2493FCE60007A1FE /* Sources */,
				EFFDAF6B2493FCE60007A1FE /* Frameworks */,
				EFFDAF6C2493FCE60007A1FE /* Resources */,
			);
			buildRules = (
			);
			dependencies = (
				EFFDAF702493FCE60007A1FE /* PBXTargetDependency */,
			);
			name = "Tip Calculator AppUITests";
			productName = "Tip Calculator AppUITests";
			productReference = EFFDAF6E2493FCE60007A1FE /* Tip Calculator AppUITests.xctest */;
			productType = "com.apple.product-type.bundle.ui-testing";
		};
/* End PBXNativeTarget section */

/* Begin PBXProject section */
		EFFDAF452493FCE40007A1FE /* Project object */ = {
			isa = PBXProject;
			attributes = {
				LastSwiftUpdateCheck = 1150;
				LastUpgradeCheck = 1150;
				ORGANIZATIONNAME = mehdadzaman;
				TargetAttributes = {
					EFFDAF4C2493FCE50007A1FE = {
						CreatedOnToolsVersion = 11.5;
					};
					EFFDAF622493FCE60007A1FE = {
						CreatedOnToolsVersion = 11.5;
						TestTargetID = EFFDAF4C2493FCE50007A1FE;
					};
					EFFDAF6D2493FCE60007A1FE = {
						CreatedOnToolsVersion = 11.5;
						TestTargetID = EFFDAF4C2493FCE50007A1FE;
					};
				};
			};
			buildConfigurationList = EFFDAF482493FCE40007A1FE /* Build configuration list for PBXProject "Tip Calculator App" */;
			compatibilityVersion = "Xcode 9.3";
			developmentRegion = en;
			hasScannedForEncodings = 0;
			knownRegions = (
				en,
				Base,
			);
			mainGroup = EFFDAF442493FCE40007A1FE;
			productRefGroup = EFFDAF4E2493FCE50007A1FE /* Products */;
			projectDirPath = "";
			projectRoot = "";
			targets = (
				EFFDAF4C2493FCE50007A1FE /* Tip Calculator App */,
				EFFDAF622493FCE60007A1FE /* Tip Calculator AppTests */,
				EFFDAF6D2493FCE60007A1FE /* Tip Calculator AppUITests */,
			);
		};
/* End PBXProject section */

/* Begin PBXResourcesBuildPhase section */
		EFFDAF4B2493FCE50007A1FE /* Resources */ = {
			isa = PBXResourcesBuildPhase;
			buildActionMask = 2147483647;
			files = (
				EFFDAF5D2493FCE50007A1FE /* LaunchScreen.storyboard in Resources */,
				EFFDAF5A2493FCE50007A1FE /* Assets.xcassets in Resources */,
				EFFDAF582493FCE50007A1FE /* Main.storyboard in Resources */,
			);
			runOnlyForDeploymentPostprocessing = 0;
		};
		EFFDAF612493FCE60007A1FE /* Resources */ = {
			isa = PBXResourcesBuildPhase;
			buildActionMask = 2147483647;
			files = (
			);
			runOnlyForDeploymentPostprocessing = 0;
		};
		EFFDAF6C2493FCE60007A1FE /* Resources */ = {
			isa = PBXResourcesBuildPhase;
			buildActionMask = 2147483647;
			files = (
			);
			runOnlyForDeploymentPostprocessing = 0;
		};
/* End PBXResourcesBuildPhase section */

/* Begin PBXSourcesBuildPhase section */
		EFFDAF492493FCE50007A1FE /* Sources */ = {
			isa = PBXSourcesBuildPhase;
			buildActionMask = 2147483647;
			files = (
				EFFDAF552493FCE50007A1FE /* ViewController.swift in Sources */,
				EFFDAF512493FCE50007A1FE /* AppDelegate.swift in Sources */,
				EFFDAF532493FCE50007A1FE /* SceneDelegate.swift in Sources */,
			);
			runOnlyForDeploymentPostprocessing = 0;
		};
		EFFDAF5F2493FCE60007A1FE /* Sources */ = {
			isa = PBXSourcesBuildPhase;
			buildActionMask = 2147483647;
			files = (
				EFFDAF682493FCE60007A1FE /* Tip_Calculator_AppTests.swift in Sources */,
			);
			runOnlyForDeploymentPostprocessing = 0;
		};
		EFFDAF6A2493FCE60007A1FE /* Sources */ = {
			isa = PBXSourcesBuildPhase;
			buildActionMask = 2147483647;
			files = (
				EFFDAF732493FCE60007A1FE /* Tip_Calculator_AppUITests.swift in Sources */,
			);
			runOnlyForDeploymentPostprocessing = 0;
		};
/* End PBXSourcesBuildPhase section */

/* Begin PBXTargetDependency section */
		EFFDAF652493FCE60007A1FE /* PBXTargetDependency */ = {
			isa = PBXTargetDependency;
			target = EFFDAF4C2493FCE50007A1FE /* Tip Calculator App */;
			targetProxy = EFFDAF642493FCE60007A1FE /* PBXContainerItemProxy */;
		};
		EFFDAF702493FCE60007A1FE /* PBXTargetDependency */ = {
			isa = PBXTargetDependency;
			target = EFFDAF4C2493FCE50007A1FE /* Tip Calculator App */;
			targetProxy = EFFDAF6F2493FCE60007A1FE /* PBXContainerItemProxy */;
		};
/* End PBXTargetDependency section */

/* Begin PBXVariantGroup section */
		EFFDAF562493FCE50007A1FE /* Main.storyboard */ = {
			isa = PBXVariantGroup;
			children = (
				EFFDAF572493FCE50007A1FE /* Base */,
			);
			name = Main.storyboard;
			sourceTree = "<group>";
		};
		EFFDAF5B2493FCE50007A1FE /* LaunchScreen.storyboard */ = {
			isa = PBXVariantGroup;
			children = (
				EFFDAF5C2493FCE50007A1FE /* Base */,
			);
			name = LaunchScreen.storyboard;
			sourceTree = "<group>";
		};
/* End PBXVariantGroup section */

/* Begin XCBuildConfiguration section */
		EFFDAF752493FCE60007A1FE /* Debug */ = {
			isa = XCBuildConfiguration;
			buildSettings = {
				ALWAYS_SEARCH_USER_PATHS = NO;
				CLANG_ANALYZER_NONNULL = YES;
				CLANG_ANALYZER_NUMBER_OBJECT_CONVERSION = YES_AGGRESSIVE;
				CLANG_CXX_LANGUAGE_STANDARD = "gnu++14";
				CLANG_CXX_LIBRARY = "libc++";
				CLANG_ENABLE_MODULES = YES;
				CLANG_ENABLE_OBJC_ARC = YES;
				CLANG_ENABLE_OBJC_WEAK = YES;
				CLANG_WARN_BLOCK_CAPTURE_AUTORELEASING = YES;
				CLANG_WARN_BOOL_CONVERSION = YES;
				CLANG_WARN_COMMA = YES;
				CLANG_WARN_CONSTANT_CONVERSION = YES;
				CLANG_WARN_DEPRECATED_OBJC_IMPLEMENTATIONS = YES;
				CLANG_WARN_DIRECT_OBJC_ISA_USAGE = YES_ERROR;
				CLANG_WARN_DOCUMENTATION_COMMENTS = YES;
				CLANG_WARN_EMPTY_BODY = YES;
				CLANG_WARN_ENUM_CONVERSION = YES;
				CLANG_WARN_INFINITE_RECURSION = YES;
				CLANG_WARN_INT_CONVERSION = YES;
				CLANG_WARN_NON_LITERAL_NULL_CONVERSION = YES;
				CLANG_WARN_OBJC_IMPLICIT_RETAIN_SELF = YES;
				CLANG_WARN_OBJC_LITERAL_CONVERSION = YES;
				CLANG_WARN_OBJC_ROOT_CLASS = YES_ERROR;
				CLANG_WARN_RANGE_LOOP_ANALYSIS = YES;
				CLANG_WARN_STRICT_PROTOTYPES = YES;
				CLANG_WARN_SUSPICIOUS_MOVE = YES;
				CLANG_WARN_UNGUARDED_AVAILABILITY = YES_AGGRESSIVE;
				CLANG_WARN_UNREACHABLE_CODE = YES;
				CLANG_WARN__DUPLICATE_METHOD_MATCH = YES;
				COPY_PHASE_STRIP = NO;
				DEBUG_INFORMATION_FORMAT = dwarf;
				ENABLE_STRICT_OBJC_MSGSEND = YES;
				ENABLE_TESTABILITY = YES;
				GCC_C_LANGUAGE_STANDARD = gnu11;
				GCC_DYNAMIC_NO_PIC = NO;
				GCC_NO_COMMON_BLOCKS = YES;
				GCC_OPTIMIZATION_LEVEL = 0;
				GCC_PREPROCESSOR_DEFINITIONS = (
					"DEBUG=1",
					"$(inherited)",
				);
				GCC_WARN_64_TO_32_BIT_CONVERSION = YES;
				GCC_WARN_ABOUT_RETURN_TYPE = YES_ERROR;
				GCC_WARN_UNDECLARED_SELECTOR = YES;
				GCC_WARN_UNINITIALIZED_AUTOS = YES_AGGRESSIVE;
				GCC_WARN_UNUSED_FUNCTION = YES;
				GCC_WARN_UNUSED_VARIABLE = YES;
				IPHONEOS_DEPLOYMENT_TARGET = 13.5;
				MTL_ENABLE_DEBUG_INFO = INCLUDE_SOURCE;
				MTL_FAST_MATH = YES;
				ONLY_ACTIVE_ARCH = YES;
				SDKROOT = iphoneos;
				SWIFT_ACTIVE_COMPILATION_CONDITIONS = DEBUG;
				SWIFT_OPTIMIZATION_LEVEL = "-Onone";
			};
			name = Debug;
		};
		EFFDAF762493FCE60007A1FE /* Release */ = {
			isa = XCBuildConfiguration;
			buildSettings = {
				ALWAYS_SEARCH_USER_PATHS = NO;
				CLANG_ANALYZER_NONNULL = YES;
				CLANG_ANALYZER_NUMBER_OBJECT_CONVERSION = YES_AGGRESSIVE;
				CLANG_CXX_LANGUAGE_STANDARD = "gnu++14";
				CLANG_CXX_LIBRARY = "libc++";
				CLANG_ENABLE_MODULES = YES;
				CLANG_ENABLE_OBJC_ARC = YES;
				CLANG_ENABLE_OBJC_WEAK = YES;
				CLANG_WARN_BLOCK_CAPTURE_AUTORELEASING = YES;
				CLANG_WARN_BOOL_CONVERSION = YES;
				CLANG_WARN_COMMA = YES;
				CLANG_WARN_CONSTANT_CONVERSION = YES;
				CLANG_WARN_DEPRECATED_OBJC_IMPLEMENTATIONS = YES;
				CLANG_WARN_DIRECT_OBJC_ISA_USAGE = YES_ERROR;
				CLANG_WARN_DOCUMENTATION_COMMENTS = YES;
				CLANG_WARN_EMPTY_BODY = YES;
				CLANG_WARN_ENUM_CONVERSION = YES;
				CLANG_WARN_INFINITE_RECURSION = YES;
				CLANG_WARN_INT_CONVERSION = YES;
				CLANG_WARN_NON_LITERAL_NULL_CONVERSION = YES;
				CLANG_WARN_OBJC_IMPLICIT_RETAIN_SELF = YES;
				CLANG_WARN_OBJC_LITERAL_CONVERSION = YES;
				CLANG_WARN_OBJC_ROOT_CLASS = YES_ERROR;
				CLANG_WARN_RANGE_LOOP_ANALYSIS = YES;
				CLANG_WARN_STRICT_PROTOTYPES = YES;
				CLANG_WARN_SUSPICIOUS_MOVE = YES;
				CLANG_WARN_UNGUARDED_AVAILABILITY = YES_AGGRESSIVE;
				CLANG_WARN_UNREACHABLE_CODE = YES;
				CLANG_WARN__DUPLICATE_METHOD_MATCH = YES;
				COPY_PHASE_STRIP = NO;
				DEBUG_INFORMATION_FORMAT = "dwarf-with-dsym";
				ENABLE_NS_ASSERTIONS = NO;
				ENABLE_STRICT_OBJC_MSGSEND = YES;
				GCC_C_LANGUAGE_STANDARD = gnu11;
				GCC_NO_COMMON_BLOCKS = YES;
				GCC_WARN_64_TO_32_BIT_CONVERSION = YES;
				GCC_WARN_ABOUT_RETURN_TYPE = YES_ERROR;
				GCC_WARN_UNDECLARED_SELECTOR = YES;
				GCC_WARN_UNINITIALIZED_AUTOS = YES_AGGRESSIVE;
				GCC_WARN_UNUSED_FUNCTION = YES;
				GCC_WARN_UNUSED_VARIABLE = YES;
				IPHONEOS_DEPLOYMENT_TARGET = 13.5;
				MTL_ENABLE_DEBUG_INFO = NO;
				MTL_FAST_MATH = YES;
				SDKROOT = iphoneos;
				SWIFT_COMPILATION_MODE = wholemodule;
				SWIFT_OPTIMIZATION_LEVEL = "-O";
				VALIDATE_PRODUCT = YES;
			};
			name = Release;
		};
		EFFDAF782493FCE60007A1FE /* Debug */ = {
			isa = XCBuildConfiguration;
			buildSettings = {
				ASSETCATALOG_COMPILER_APPICON_NAME = AppIcon;
				CODE_SIGN_STYLE = Automatic;
				INFOPLIST_FILE = "Tip Calculator App/Info.plist";
				LD_RUNPATH_SEARCH_PATHS = (
					"$(inherited)",
					"@executable_path/Frameworks",
				);
				PRODUCT_BUNDLE_IDENTIFIER = "com.mehdadzaman.Tip-Calculator-App";
				PRODUCT_NAME = "$(TARGET_NAME)";
				SWIFT_VERSION = 5.0;
				TARGETED_DEVICE_FAMILY = "1,2";
			};
			name = Debug;
		};
		EFFDAF792493FCE60007A1FE /* Release */ = {
			isa = XCBuildConfiguration;
			buildSettings = {
				ASSETCATALOG_COMPILER_APPICON_NAME = AppIcon;
				CODE_SIGN_STYLE = Automatic;
				INFOPLIST_FILE = "Tip Calculator App/Info.plist";
				LD_RUNPATH_SEARCH_PATHS = (
					"$(inherited)",
					"@executable_path/Frameworks",
				);
				PRODUCT_BUNDLE_IDENTIFIER = "com.mehdadzaman.Tip-Calculator-App";
				PRODUCT_NAME = "$(TARGET_NAME)";
				SWIFT_VERSION = 5.0;
				TARGETED_DEVICE_FAMILY = "1,2";
			};
			name = Release;
		};
		EFFDAF7B2493FCE60007A1FE /* Debug */ = {
			isa = XCBuildConfiguration;
			buildSettings = {
				ALWAYS_EMBED_SWIFT_STANDARD_LIBRARIES = YES;
				BUNDLE_LOADER = "$(TEST_HOST)";
				CODE_SIGN_STYLE = Automatic;
				INFOPLIST_FILE = "Tip Calculator AppTests/Info.plist";
				IPHONEOS_DEPLOYMENT_TARGET = 13.5;
				LD_RUNPATH_SEARCH_PATHS = (
					"$(inherited)",
					"@executable_path/Frameworks",
					"@loader_path/Frameworks",
				);
				PRODUCT_BUNDLE_IDENTIFIER = "com.mehdadzaman.Tip-Calculator-AppTests";
				PRODUCT_NAME = "$(TARGET_NAME)";
				SWIFT_VERSION = 5.0;
				TARGETED_DEVICE_FAMILY = "1,2";
				TEST_HOST = "$(BUILT_PRODUCTS_DIR)/Tip Calculator App.app/Tip Calculator App";
			};
			name = Debug;
		};
		EFFDAF7C2493FCE60007A1FE /* Release */ = {
			isa = XCBuildConfiguration;
			buildSettings = {
				ALWAYS_EMBED_SWIFT_STANDARD_LIBRARIES = YES;
				BUNDLE_LOADER = "$(TEST_HOST)";
				CODE_SIGN_STYLE = Automatic;
				INFOPLIST_FILE = "Tip Calculator AppTests/Info.plist";
				IPHONEOS_DEPLOYMENT_TARGET = 13.5;
				LD_RUNPATH_SEARCH_PATHS = (
					"$(inherited)",
					"@executable_path/Frameworks",
					"@loader_path/Frameworks",
				);
				PRODUCT_BUNDLE_IDENTIFIER = "com.mehdadzaman.Tip-Calculator-AppTests";
				PRODUCT_NAME = "$(TARGET_NAME)";
				SWIFT_VERSION = 5.0;
				TARGETED_DEVICE_FAMILY = "1,2";
				TEST_HOST = "$(BUILT_PRODUCTS_DIR)/Tip Calculator App.app/Tip Calculator App";
			};
			name = Release;
		};
		EFFDAF7E2493FCE60007A1FE /* Debug */ = {
			isa = XCBuildConfiguration;
			buildSettings = {
				ALWAYS_EMBED_SWIFT_STANDARD_LIBRARIES = YES;
				CODE_SIGN_STYLE = Automatic;
				INFOPLIST_FILE = "Tip Calculator AppUITests/Info.plist";
				LD_RUNPATH_SEARCH_PATHS = (
					"$(inherited)",
					"@executable_path/Frameworks",
					"@loader_path/Frameworks",
				);
				PRODUCT_BUNDLE_IDENTIFIER = "com.mehdadzaman.Tip-Calculator-AppUITests";
				PRODUCT_NAME = "$(TARGET_NAME)";
				SWIFT_VERSION = 5.0;
				TARGETED_DEVICE_FAMILY = "1,2";
				TEST_TARGET_NAME = "Tip Calculator App";
			};
			name = Debug;
		};
		EFFDAF7F2493FCE60007A1FE /* Release */ = {
			isa = XCBuildConfiguration;
			buildSettings = {
				ALWAYS_EMBED_SWIFT_STANDARD_LIBRARIES = YES;
				CODE_SIGN_STYLE = Automatic;
				INFOPLIST_FILE = "Tip Calculator AppUITests/Info.plist";
				LD_RUNPATH_SEARCH_PATHS = (
					"$(inherited)",
					"@executable_path/Frameworks",
					"@loader_path/Frameworks",
				);
				PRODUCT_BUNDLE_IDENTIFIER = "com.mehdadzaman.Tip-Calculator-AppUITests";
				PRODUCT_NAME = "$(TARGET_NAME)";
				SWIFT_VERSION = 5.0;
				TARGETED_DEVICE_FAMILY = "1,2";
				TEST_TARGET_NAME = "Tip Calculator App";
			};
			name = Release;
		};
/* End XCBuildConfiguration section */

/* Begin XCConfigurationList section */
		EFFDAF482493FCE40007A1FE /* Build configuration list for PBXProject "Tip Calculator App" */ = {
			isa = XCConfigurationList;
			buildConfigurations = (
				EFFDAF752493FCE60007A1FE /* Debug */,
				EFFDAF762493FCE60007A1FE /* Release */,
			);
			defaultConfigurationIsVisible = 0;
			defaultConfigurationName = Release;
		};
		EFFDAF772493FCE60007A1FE /* Build configuration list for PBXNativeTarget "Tip Calculator App" */ = {
			isa = XCConfigurationList;
			buildConfigurations = (
				EFFDAF782493FCE60007A1FE /* Debug */,
				EFFDAF792493FCE60007A1FE /* Release */,
			);
			defaultConfigurationIsVisible = 0;
			defaultConfigurationName = Release;
		};
		EFFDAF7A2493FCE60007A1FE /* Build configuration list for PBXNativeTarget "Tip Calculator AppTests" */ = {
			isa = XCConfigurationList;
			buildConfigurations = (
				EFFDAF7B2493FCE60007A1FE /* Debug */,
				EFFDAF7C2493FCE60007A1FE /* Release */,
			);
			defaultConfigurationIsVisible = 0;
			defaultConfigurationName = Release;
		};
		EFFDAF7D2493FCE60007A1FE /* Build configuration list for PBXNativeTarget "Tip Calculator AppUITests" */ = {
			isa = XCConfigurationList;
			buildConfigurations = (
				EFFDAF7E2493FCE60007A1FE /* Debug */,
				EFFDAF7F2493FCE60007A1FE /* Release */,
			);
			defaultConfigurationIsVisible = 0;
			defaultConfigurationName = Release;
		};
/* End XCConfigurationList section */
	};
	rootObject = EFFDAF452493FCE40007A1FE /* Project object */;
}
